
Microsoft Visual Studio Solution File, Format Version 12.00
# Visual Studio Version 17
VisualStudioVersion = 17.4.33205.214
MinimumVisualStudioVersion = 10.0.40219.1
Project("{FAE04EC0-301F-11D3-BF4B-00C04F79EFBC}") = "TrabalhoGrupoM9", "TrabalhoGrupoM9.csproj", "{1A8E61E1-1E80-4A29-AB49-5B97E5B8969A}"
EndProject
Global
	GlobalSection(SolutionConfigurationPlatforms) = preSolution
		Debug|Any CPU = Debug|Any CPU
		Release|Any CPU = Release|Any CPU
	EndGlobalSection
	GlobalSection(ProjectConfigurationPlatforms) = postSolution
		{1A8E61E1-1E80-4A29-AB49-5B97E5B8969A}.Debug|Any CPU.ActiveCfg = Debug|Any CPU
		{1A8E61E1-1E80-4A29-AB49-5B97E5B8969A}.Debug|Any CPU.Build.0 = Debug|Any CPU
		{1A8E61E1-1E80-4A29-AB49-5B97E5B8969A}.Release|Any CPU.ActiveCfg = Release|Any CPU
		{1A8E61E1-1E80-4A29-AB49-5B97E5B8969A}.Release|Any CPU.Build.0 = Release|Any CPU
	EndGlobalSection
	GlobalSection(SolutionProperties) = preSolution
		HideSolutionNode = FALSE
	EndGlobalSection
	GlobalSection(ExtensibilityGlobals) = postSolution
		SolutionGuid = {19C7D5DF-5A81-402C-9655-BF42D512BC77}
	EndGlobalSection
EndGlobal
